PODS:
  - Flutter (1.0.0)
  - flutter_baidu_tts (0.0.1):
    - Flutter

DEPENDENCIES:
  - Flutter (from `Flutter`)
  - flutter_baidu_tts (from `.symlinks/plugins/flutter_baidu_tts/ios`)

EXTERNAL SOURCES:
  Flutter:
    :path: Flutter
  flutter_baidu_tts:
    :path: ".symlinks/plugins/flutter_baidu_tts/ios"

SPEC CHECKSUMS:
  Flutter: 0e3d915762c693b495b44d77113d4970485de6ec
  flutter_baidu_tts: bd4f7b483e2d34267a7f780fdcca52e8d1b43731

PODFILE CHECKSUM: 3dbe063e9c90a5d7c9e4e76e70a821b9e2c1d271

COCOAPODS: 1.7.5
